// !$*UTF8*$!
{
	archiveVersion = 1;
	classes = {
	};
	objectVersion = 51;
	objects = {

/* Begin PBXBuildFile section */
		E31903B6522D658E2386C10A /* Pods_SocialMedia.framework in Frameworks */ = {isa = PBXBuildFile; fileRef = 6C9C8AC432EA4A100AF2B698 /* Pods_SocialMedia.framework */; };
		E75507D425D1456C008377F1 /* CustomTextField.swift in Sources */ = {isa = PBXBuildFile; fileRef = E75507D325D1456C008377F1 /* CustomTextField.swift */; };
		E78B127925D4758A00959728 /* GoogleService-Info.plist in Resources */ = {isa = PBXBuildFile; fileRef = E78B127825D4758A00959728 /* GoogleService-Info.plist */; };
		E7900AC425CED19D00C49154 /* SocialMediaApp.swift in Sources */ = {isa = PBXBuildFile; fileRef = E7900AC325CED19D00C49154 /* SocialMediaApp.swift */; };
		E7900AC625CED19D00C49154 /* ContentView.swift in Sources */ = {isa = PBXBuildFile; fileRef = E7900AC525CED19D00C49154 /* ContentView.swift */; };
		E7900AC825CED1A200C49154 /* Assets.xcassets in Resources */ = {isa = PBXBuildFile; fileRef = E7900AC725CED1A200C49154 /* Assets.xcassets */; };
		E7900ACB25CED1A200C49154 /* Preview Assets.xcassets in Resources */ = {isa = PBXBuildFile; fileRef = E7900ACA25CED1A200C49154 /* Preview Assets.xcassets */; };
		E7D70C8525D00F780089B605 /* PostsView.swift in Sources */ = {isa = PBXBuildFile; fileRef = E7D70C8425D00F780089B605 /* PostsView.swift */; };
		E7D70C8A25D0235A0089B605 /* AddPostView.swift in Sources */ = {isa = PBXBuildFile; fileRef = E7D70C8925D0235A0089B605 /* AddPostView.swift */; };
		E7E24D3F25CED2FF00B21E0C /* UserManageTab.swift in Sources */ = {isa = PBXBuildFile; fileRef = E7E24D3C25CED2FF00B21E0C /* UserManageTab.swift */; };
		E7E24D4025CED2FF00B21E0C /* NotificationTabView.swift in Sources */ = {isa = PBXBuildFile; fileRef = E7E24D3D25CED2FF00B21E0C /* NotificationTabView.swift */; };
		E7E24D4125CED2FF00B21E0C /* NewsFeedTabView.swift in Sources */ = {isa = PBXBuildFile; fileRef = E7E24D3E25CED2FF00B21E0C /* NewsFeedTabView.swift */; };
		E7E24D4425CED31500B21E0C /* ImagePicker.swift in Sources */ = {isa = PBXBuildFile; fileRef = E7E24D4325CED31500B21E0C /* ImagePicker.swift */; };
		E7E24D4E25CED31D00B21E0C /* UserSettingsView.swift in Sources */ = {isa = PBXBuildFile; fileRef = E7E24D4725CED31C00B21E0C /* UserSettingsView.swift */; };
		E7E24D5025CED31D00B21E0C /* LoginViewModel.swift in Sources */ = {isa = PBXBuildFile; fileRef = E7E24D4925CED31C00B21E0C /* LoginViewModel.swift */; };
		E7E24D5125CED31D00B21E0C /* LoginView.swift in Sources */ = {isa = PBXBuildFile; fileRef = E7E24D4A25CED31C00B21E0C /* LoginView.swift */; };
		E7E24D5225CED31D00B21E0C /* PostsViewModel.swift in Sources */ = {isa = PBXBuildFile; fileRef = E7E24D4B25CED31D00B21E0C /* PostsViewModel.swift */; };
		E7E24D5825CED32400B21E0C /* Firebase.swift in Sources */ = {isa = PBXBuildFile; fileRef = E7E24D5725CED32300B21E0C /* Firebase.swift */; };
		E7E24D6225CED40600B21E0C /* PostView.swift in Sources */ = {isa = PBXBuildFile; fileRef = E7E24D6125CED40600B21E0C /* PostView.swift */; };
/* End PBXBuildFile section */

/* Begin PBXFileReference section */
		39B1C8B31A537AD7A14ED75B /* Pods-SocialMedia.debug.xcconfig */ = {isa = PBXFileReference; includeInIndex = 1; lastKnownFileType = text.xcconfig; name = "Pods-SocialMedia.debug.xcconfig"; path = "Target Support Files/Pods-SocialMedia/Pods-SocialMedia.debug.xcconfig"; sourceTree = "<group>"; };
		6C9C8AC432EA4A100AF2B698 /* Pods_SocialMedia.framework */ = {isa = PBXFileReference; explicitFileType = wrapper.framework; includeInIndex = 0; path = Pods_SocialMedia.framework; sourceTree = BUILT_PRODUCTS_DIR; };
		93A1AE845F1E049C3097DA3B /* Pods-SocialMedia.release.xcconfig */ = {isa = PBXFileReference; includeInIndex = 1; lastKnownFileType = text.xcconfig; name = "Pods-SocialMedia.release.xcconfig"; path = "Target Support Files/Pods-SocialMedia/Pods-SocialMedia.release.xcconfig"; sourceTree = "<group>"; };
		E75507D325D1456C008377F1 /* CustomTextField.swift */ = {isa = PBXFileReference; lastKnownFileType = sourcecode.swift; path = CustomTextField.swift; sourceTree = "<group>"; };
		E78B127825D4758A00959728 /* GoogleService-Info.plist */ = {isa = PBXFileReference; fileEncoding = 4; lastKnownFileType = text.plist.xml; path = "GoogleService-Info.plist"; sourceTree = "<group>"; };
		E7900AC025CED19D00C49154 /* SocialMedia.app */ = {isa = PBXFileReference; explicitFileType = wrapper.application; includeInIndex = 0; path = SocialMedia.app; sourceTree = BUILT_PRODUCTS_DIR; };
		E7900AC325CED19D00C49154 /* SocialMediaApp.swift */ = {isa = PBXFileReference; lastKnownFileType = sourcecode.swift; path = SocialMediaApp.swift; sourceTree = "<group>"; };
		E7900AC525CED19D00C49154 /* ContentView.swift */ = {isa = PBXFileReference; lastKnownFileType = sourcecode.swift; path = ContentView.swift; sourceTree = "<group>"; };
		E7900AC725CED1A200C49154 /* Assets.xcassets */ = {isa = PBXFileReference; lastKnownFileType = folder.assetcatalog; path = Assets.xcassets; sourceTree = "<group>"; };
		E7900ACA25CED1A200C49154 /* Preview Assets.xcassets */ = {isa = PBXFileReference; lastKnownFileType = folder.assetcatalog; path = "Preview Assets.xcassets"; sourceTree = "<group>"; };
		E7900ACC25CED1A200C49154 /* Info.plist */ = {isa = PBXFileReference; lastKnownFileType = text.plist.xml; path = Info.plist; sourceTree = "<group>"; };
		E7D70C8425D00F780089B605 /* PostsView.swift */ = {isa = PBXFileReference; lastKnownFileType = sourcecode.swift; path = PostsView.swift; sourceTree = "<group>"; };
		E7D70C8925D0235A0089B605 /* AddPostView.swift */ = {isa = PBXFileReference; lastKnownFileType = sourcecode.swift; path = AddPostView.swift; sourceTree = "<group>"; };
		E7E24D3925CED2B000B21E0C /* SocialMedia.entitlements */ = {isa = PBXFileReference; lastKnownFileType = text.plist.entitlements; path = SocialMedia.entitlements; sourceTree = "<group>"; };
		E7E24D3C25CED2FF00B21E0C /* UserManageTab.swift */ = {isa = PBXFileReference; fileEncoding = 4; lastKnownFileType = sourcecode.swift; path = UserManageTab.swift; sourceTree = "<group>"; };
		E7E24D3D25CED2FF00B21E0C /* NotificationTabView.swift */ = {isa = PBXFileReference; fileEncoding = 4; lastKnownFileType = sourcecode.swift; path = NotificationTabView.swift; sourceTree = "<group>"; };
		E7E24D3E25CED2FF00B21E0C /* NewsFeedTabView.swift */ = {isa = PBXFileReference; fileEncoding = 4; lastKnownFileType = sourcecode.swift; path = NewsFeedTabView.swift; sourceTree = "<group>"; };
		E7E24D4325CED31500B21E0C /* ImagePicker.swift */ = {isa = PBXFileReference; fileEncoding = 4; lastKnownFileType = sourcecode.swift; path = ImagePicker.swift; sourceTree = "<group>"; };
		E7E24D4725CED31C00B21E0C /* UserSettingsView.swift */ = {isa = PBXFileReference; fileEncoding = 4; lastKnownFileType = sourcecode.swift; path = UserSettingsView.swift; sourceTree = "<group>"; };
		E7E24D4925CED31C00B21E0C /* LoginViewModel.swift */ = {isa = PBXFileReference; fileEncoding = 4; lastKnownFileType = sourcecode.swift; path = LoginViewModel.swift; sourceTree = "<group>"; };
		E7E24D4A25CED31C00B21E0C /* LoginView.swift */ = {isa = PBXFileReference; fileEncoding = 4; lastKnownFileType = sourcecode.swift; path = LoginView.swift; sourceTree = "<group>"; };
		E7E24D4B25CED31D00B21E0C /* PostsViewModel.swift */ = {isa = PBXFileReference; fileEncoding = 4; lastKnownFileType = sourcecode.swift; path = PostsViewModel.swift; sourceTree = "<group>"; };
		E7E24D5725CED32300B21E0C /* Firebase.swift */ = {isa = PBXFileReference; fileEncoding = 4; lastKnownFileType = sourcecode.swift; path = Firebase.swift; sourceTree = "<group>"; };
		E7E24D6125CED40600B21E0C /* PostView.swift */ = {isa = PBXFileReference; lastKnownFileType = sourcecode.swift; path = PostView.swift; sourceTree = "<group>"; };
/* End PBXFileReference section */

/* Begin PBXFrameworksBuildPhase section */
		E7900ABD25CED19D00C49154 /* Frameworks */ = {
			isa = PBXFrameworksBuildPhase;
			buildActionMask = 2147483647;
			files = (
				E31903B6522D658E2386C10A /* Pods_SocialMedia.framework in Frameworks */,
			);
			runOnlyForDeploymentPostprocessing = 0;
		};
/* End PBXFrameworksBuildPhase section */

/* Begin PBXGroup section */
		0D26E5F0682959F6BB71FA24 /* Pods */ = {
			isa = PBXGroup;
			children = (
				39B1C8B31A537AD7A14ED75B /* Pods-SocialMedia.debug.xcconfig */,
				93A1AE845F1E049C3097DA3B /* Pods-SocialMedia.release.xcconfig */,
			);
			path = Pods;
			sourceTree = "<group>";
		};
		CBBC95CA943D048299AFACEA /* Frameworks */ = {
			isa = PBXGroup;
			children = (
				6C9C8AC432EA4A100AF2B698 /* Pods_SocialMedia.framework */,
			);
			name = Frameworks;
			sourceTree = "<group>";
		};
		E7900AB725CED19D00C49154 = {
			isa = PBXGroup;
			children = (
				E7900AC225CED19D00C49154 /* SocialMedia */,
				E7900AC125CED19D00C49154 /* Products */,
				0D26E5F0682959F6BB71FA24 /* Pods */,
				CBBC95CA943D048299AFACEA /* Frameworks */,
			);
			sourceTree = "<group>";
		};
		E7900AC125CED19D00C49154 /* Products */ = {
			isa = PBXGroup;
			children = (
				E7900AC025CED19D00C49154 /* SocialMedia.app */,
			);
			name = Products;
			sourceTree = "<group>";
		};
		E7900AC225CED19D00C49154 /* SocialMedia */ = {
			isa = PBXGroup;
			children = (
				E7E24D3925CED2B000B21E0C /* SocialMedia.entitlements */,
				E7900AC325CED19D00C49154 /* SocialMediaApp.swift */,
				E7900AC525CED19D00C49154 /* ContentView.swift */,
				E7E24D5F25CED3D300B21E0C /* Post */,
				E7E24D5625CED32300B21E0C /* FirebaseAuthentication */,
				E7E24D4625CED31C00B21E0C /* User */,
				E7E24D3B25CED2FF00B21E0C /* Tabs */,
				E7900AC725CED1A200C49154 /* Assets.xcassets */,
				E7900ACC25CED1A200C49154 /* Info.plist */,
				E75507D325D1456C008377F1 /* CustomTextField.swift */,
				E7E24D5D25CED34C00B21E0C /* Others */,
				E7900AC925CED1A200C49154 /* Preview Content */,
			);
			path = SocialMedia;
			sourceTree = "<group>";
		};
		E7900AC925CED1A200C49154 /* Preview Content */ = {
			isa = PBXGroup;
			children = (
				E7900ACA25CED1A200C49154 /* Preview Assets.xcassets */,
			);
			path = "Preview Content";
			sourceTree = "<group>";
		};
		E7E24D3B25CED2FF00B21E0C /* Tabs */ = {
			isa = PBXGroup;
			children = (
				E7E24D3C25CED2FF00B21E0C /* UserManageTab.swift */,
				E7E24D3D25CED2FF00B21E0C /* NotificationTabView.swift */,
				E7E24D3E25CED2FF00B21E0C /* NewsFeedTabView.swift */,
			);
			path = Tabs;
			sourceTree = "<group>";
		};
		E7E24D4625CED31C00B21E0C /* User */ = {
			isa = PBXGroup;
			children = (
				E7E24D4725CED31C00B21E0C /* UserSettingsView.swift */,
				E7E24D4925CED31C00B21E0C /* LoginViewModel.swift */,
				E7E24D4A25CED31C00B21E0C /* LoginView.swift */,
			);
			path = User;
			sourceTree = "<group>";
		};
		E7E24D5625CED32300B21E0C /* FirebaseAuthentication */ = {
			isa = PBXGroup;
			children = (
				E7E24D5725CED32300B21E0C /* Firebase.swift */,
			);
			path = FirebaseAuthentication;
			sourceTree = "<group>";
		};
		E7E24D5D25CED34C00B21E0C /* Others */ = {
			isa = PBXGroup;
			children = (
				E78B127825D4758A00959728 /* GoogleService-Info.plist */,
				E7E24D4325CED31500B21E0C /* ImagePicker.swift */,
			);
			path = Others;
			sourceTree = "<group>";
		};
		E7E24D5F25CED3D300B21E0C /* Post */ = {
			isa = PBXGroup;
			children = (
				E7D70C8925D0235A0089B605 /* AddPostView.swift */,
				E7E24D6125CED40600B21E0C /* PostView.swift */,
				E7D70C8425D00F780089B605 /* PostsView.swift */,
				E7E24D4B25CED31D00B21E0C /* PostsViewModel.swift */,
			);
			path = Post;
			sourceTree = "<group>";
		};
/* End PBXGroup section */

/* Begin PBXNativeTarget section */
		E7900ABF25CED19D00C49154 /* SocialMedia */ = {
			isa = PBXNativeTarget;
			buildConfigurationList = E7900ACF25CED1A200C49154 /* Build configuration list for PBXNativeTarget "SocialMedia" */;
			buildPhases = (
				97ED85D5FF7298C5B815567B /* [CP] Check Pods Manifest.lock */,
				E7900ABC25CED19D00C49154 /* Sources */,
				E7900ABD25CED19D00C49154 /* Frameworks */,
				E7900ABE25CED19D00C49154 /* Resources */,
				052A910C5A1C28931012999A /* [CP] Embed Pods Frameworks */,
			);
			buildRules = (
			);
			dependencies = (
			);
			name = SocialMedia;
			packageProductDependencies = (
			);
			productName = SocialMedia;
			productReference = E7900AC025CED19D00C49154 /* SocialMedia.app */;
			productType = "com.apple.product-type.application";
		};
/* End PBXNativeTarget section */

/* Begin PBXProject section */
		E7900AB825CED19D00C49154 /* Project object */ = {
			isa = PBXProject;
			attributes = {
				LastSwiftUpdateCheck = 1240;
				LastUpgradeCheck = 1240;
				TargetAttributes = {
					E7900ABF25CED19D00C49154 = {
						CreatedOnToolsVersion = 12.4;
					};
				};
			};
			buildConfigurationList = E7900ABB25CED19D00C49154 /* Build configuration list for PBXProject "SocialMedia" */;
			compatibilityVersion = "Xcode 9.3";
			developmentRegion = en;
			hasScannedForEncodings = 0;
			knownRegions = (
				en,
				Base,
			);
			mainGroup = E7900AB725CED19D00C49154;
			packageReferences = (
			);
			productRefGroup = E7900AC125CED19D00C49154 /* Products */;
			projectDirPath = "";
			projectRoot = "";
			targets = (
				E7900ABF25CED19D00C49154 /* SocialMedia */,
			);
		};
/* End PBXProject section */

/* Begin PBXResourcesBuildPhase section */
		E7900ABE25CED19D00C49154 /* Resources */ = {
			isa = PBXResourcesBuildPhase;
			buildActionMask = 2147483647;
			files = (
				E7900ACB25CED1A200C49154 /* Preview Assets.xcassets in Resources */,
				E7900AC825CED1A200C49154 /* Assets.xcassets in Resources */,
				E78B127925D4758A00959728 /* GoogleService-Info.plist in Resources */,
			);
			runOnlyForDeploymentPostprocessing = 0;
		};
/* End PBXResourcesBuildPhase section */

/* Begin PBXShellScriptBuildPhase section */
		052A910C5A1C28931012999A /* [CP] Embed Pods Frameworks */ = {
			isa = PBXShellScriptBuildPhase;
			buildActionMask = 2147483647;
			files = (
			);
			inputFileListPaths = (
				"${PODS_ROOT}/Target Support Files/Pods-SocialMedia/Pods-SocialMedia-frameworks-${CONFIGURATION}-input-files.xcfilelist",
			);
			name = "[CP] Embed Pods Frameworks";
			outputFileListPaths = (
				"${PODS_ROOT}/Target Support Files/Pods-SocialMedia/Pods-SocialMedia-frameworks-${CONFIGURATION}-output-files.xcfilelist",
			);
			runOnlyForDeploymentPostprocessing = 0;
			shellPath = /bin/sh;
			shellScript = "\"${PODS_ROOT}/Target Support Files/Pods-SocialMedia/Pods-SocialMedia-frameworks.sh\"\n";
			showEnvVarsInLog = 0;
		};
		97ED85D5FF7298C5B815567B /* [CP] Check Pods Manifest.lock */ = {
			isa = PBXShellScriptBuildPhase;
			buildActionMask = 2147483647;
			files = (
			);
			inputFileListPaths = (
			);
			inputPaths = (
				"${PODS_PODFILE_DIR_PATH}/Podfile.lock",
				"${PODS_ROOT}/Manifest.lock",
			);
			name = "[CP] Check Pods Manifest.lock";
			outputFileListPaths = (
			);
			outputPaths = (
				"$(DERIVED_FILE_DIR)/Pods-SocialMedia-checkManifestLockResult.txt",
			);
			runOnlyForDeploymentPostprocessing = 0;
			shellPath = /bin/sh;
			shellScript = "diff \"${PODS_PODFILE_DIR_PATH}/Podfile.lock\" \"${PODS_ROOT}/Manifest.lock\" > /dev/null\nif [ $? != 0 ] ; then\n    # print error to STDERR\n    echo \"error: The sandbox is not in sync with the Podfile.lock. Run 'pod install' or update your CocoaPods installation.\" >&2\n    exit 1\nfi\n# This output is used by Xcode 'outputs' to avoid re-running this script phase.\necho \"SUCCESS\" > \"${SCRIPT_OUTPUT_FILE_0}\"\n";
			showEnvVarsInLog = 0;
		};
/* End PBXShellScriptBuildPhase section */

/* Begin PBXSourcesBuildPhase section */
		E7900ABC25CED19D00C49154 /* Sources */ = {
			isa = PBXSourcesBuildPhase;
			buildActionMask = 2147483647;
			files = (
				E7E24D5825CED32400B21E0C /* Firebase.swift in Sources */,
				E7E24D3F25CED2FF00B21E0C /* UserManageTab.swift in Sources */,
				E7E24D4125CED2FF00B21E0C /* NewsFeedTabView.swift in Sources */,
				E7E24D4025CED2FF00B21E0C /* NotificationTabView.swift in Sources */,
				E7E24D4425CED31500B21E0C /* ImagePicker.swift in Sources */,
				E7900AC625CED19D00C49154 /* ContentView.swift in Sources */,
				E7E24D4E25CED31D00B21E0C /* UserSettingsView.swift in Sources */,
				E7E24D5225CED31D00B21E0C /* PostsViewModel.swift in Sources */,
				E7900AC425CED19D00C49154 /* SocialMediaApp.swift in Sources */,
				E7D70C8525D00F780089B605 /* PostsView.swift in Sources */,
				E7D70C8A25D0235A0089B605 /* AddPostView.swift in Sources */,
				E7E24D5125CED31D00B21E0C /* LoginView.swift in Sources */,
				E7E24D6225CED40600B21E0C /* PostView.swift in Sources */,
				E7E24D5025CED31D00B21E0C /* LoginViewModel.swift in Sources */,
				E75507D425D1456C008377F1 /* CustomTextField.swift in Sources */,
			);
			runOnlyForDeploymentPostprocessing = 0;
		};
/* End PBXSourcesBuildPhase section */

/* Begin XCBuildConfiguration section */
		E7900ACD25CED1A200C49154 /* Debug */ = {
			isa = XCBuildConfiguration;
			buildSettings = {
				ALWAYS_SEARCH_USER_PATHS = NO;
				CLANG_ANALYZER_NONNULL = YES;
				CLANG_ANALYZER_NUMBER_OBJECT_CONVERSION = YES_AGGRESSIVE;
				CLANG_CXX_LANGUAGE_STANDARD = "gnu++14";
				CLANG_CXX_LIBRARY = "libc++";
				CLANG_ENABLE_MODULES = YES;
				CLANG_ENABLE_OBJC_ARC = YES;
				CLANG_ENABLE_OBJC_WEAK = YES;
				CLANG_WARN_BLOCK_CAPTURE_AUTORELEASING = YES;
				CLANG_WARN_BOOL_CONVERSION = YES;
				CLANG_WARN_COMMA = YES;
				CLANG_WARN_CONSTANT_CONVERSION = YES;
				CLANG_WARN_DEPRECATED_OBJC_IMPLEMENTATIONS = YES;
				CLANG_WARN_DIRECT_OBJC_ISA_USAGE = YES_ERROR;
				CLANG_WARN_DOCUMENTATION_COMMENTS = YES;
				CLANG_WARN_EMPTY_BODY = YES;
				CLANG_WARN_ENUM_CONVERSION = YES;
				CLANG_WARN_INFINITE_RECURSION = YES;
				CLANG_WARN_INT_CONVERSION = YES;
				CLANG_WARN_NON_LITERAL_NULL_CONVERSION = YES;
				CLANG_WARN_OBJC_IMPLICIT_RETAIN_SELF = YES;
				CLANG_WARN_OBJC_LITERAL_CONVERSION = YES;
				CLANG_WARN_OBJC_ROOT_CLASS = YES_ERROR;
				CLANG_WARN_QUOTED_INCLUDE_IN_FRAMEWORK_HEADER = YES;
				CLANG_WARN_RANGE_LOOP_ANALYSIS = YES;
				CLANG_WARN_STRICT_PROTOTYPES = YES;
				CLANG_WARN_SUSPICIOUS_MOVE = YES;
				CLANG_WARN_UNGUARDED_AVAILABILITY = YES_AGGRESSIVE;
				CLANG_WARN_UNREACHABLE_CODE = YES;
				CLANG_WARN__DUPLICATE_METHOD_MATCH = YES;
				COPY_PHASE_STRIP = NO;
				DEBUG_INFORMATION_FORMAT = dwarf;
				ENABLE_STRICT_OBJC_MSGSEND = YES;
				ENABLE_TESTABILITY = YES;
				GCC_C_LANGUAGE_STANDARD = gnu11;
				GCC_DYNAMIC_NO_PIC = NO;
				GCC_NO_COMMON_BLOCKS = YES;
				GCC_OPTIMIZATION_LEVEL = 0;
				GCC_PREPROCESSOR_DEFINITIONS = (
					"DEBUG=1",
					"$(inherited)",
				);
				GCC_WARN_64_TO_32_BIT_CONVERSION = YES;
				GCC_WARN_ABOUT_RETURN_TYPE = YES_ERROR;
				GCC_WARN_UNDECLARED_SELECTOR = YES;
				GCC_WARN_UNINITIALIZED_AUTOS = YES_AGGRESSIVE;
				GCC_WARN_UNUSED_FUNCTION = YES;
				GCC_WARN_UNUSED_VARIABLE = YES;
				IPHONEOS_DEPLOYMENT_TARGET = 14.4;
				MTL_ENABLE_DEBUG_INFO = INCLUDE_SOURCE;
				MTL_FAST_MATH = YES;
				ONLY_ACTIVE_ARCH = YES;
				SDKROOT = iphoneos;
				SWIFT_ACTIVE_COMPILATION_CONDITIONS = DEBUG;
				SWIFT_OPTIMIZATION_LEVEL = "-Onone";
			};
			name = Debug;
		};
		E7900ACE25CED1A200C49154 /* Release */ = {
			isa = XCBuildConfiguration;
			buildSettings = {
				ALWAYS_SEARCH_USER_PATHS = NO;
				CLANG_ANALYZER_NONNULL = YES;
				CLANG_ANALYZER_NUMBER_OBJECT_CONVERSION = YES_AGGRESSIVE;
				CLANG_CXX_LANGUAGE_STANDARD = "gnu++14";
				CLANG_CXX_LIBRARY = "libc++";
				CLANG_ENABLE_MODULES = YES;
				CLANG_ENABLE_OBJC_ARC = YES;
				CLANG_ENABLE_OBJC_WEAK = YES;
				CLANG_WARN_BLOCK_CAPTURE_AUTORELEASING = YES;
				CLANG_WARN_BOOL_CONVERSION = YES;
				CLANG_WARN_COMMA = YES;
				CLANG_WARN_CONSTANT_CONVERSION = YES;
				CLANG_WARN_DEPRECATED_OBJC_IMPLEMENTATIONS = YES;
				CLANG_WARN_DIRECT_OBJC_ISA_USAGE = YES_ERROR;
				CLANG_WARN_DOCUMENTATION_COMMENTS = YES;
				CLANG_WARN_EMPTY_BODY = YES;
				CLANG_WARN_ENUM_CONVERSION = YES;
				CLANG_WARN_INFINITE_RECURSION = YES;
				CLANG_WARN_INT_CONVERSION = YES;
				CLANG_WARN_NON_LITERAL_NULL_CONVERSION = YES;
				CLANG_WARN_OBJC_IMPLICIT_RETAIN_SELF = YES;
				CLANG_WARN_OBJC_LITERAL_CONVERSION = YES;
				CLANG_WARN_OBJC_ROOT_CLASS = YES_ERROR;
				CLANG_WARN_QUOTED_INCLUDE_IN_FRAMEWORK_HEADER = YES;
				CLANG_WARN_RANGE_LOOP_ANALYSIS = YES;
				CLANG_WARN_STRICT_PROTOTYPES = YES;
				CLANG_WARN_SUSPICIOUS_MOVE = YES;
				CLANG_WARN_UNGUARDED_AVAILABILITY = YES_AGGRESSIVE;
				CLANG_WARN_UNREACHABLE_CODE = YES;
				CLANG_WARN__DUPLICATE_METHOD_MATCH = YES;
				COPY_PHASE_STRIP = NO;
				DEBUG_INFORMATION_FORMAT = "dwarf-with-dsym";
				ENABLE_NS_ASSERTIONS = NO;
				ENABLE_STRICT_OBJC_MSGSEND = YES;
				GCC_C_LANGUAGE_STANDARD = gnu11;
				GCC_NO_COMMON_BLOCKS = YES;
				GCC_WARN_64_TO_32_BIT_CONVERSION = YES;
				GCC_WARN_ABOUT_RETURN_TYPE = YES_ERROR;
				GCC_WARN_UNDECLARED_SELECTOR = YES;
				GCC_WARN_UNINITIALIZED_AUTOS = YES_AGGRESSIVE;
				GCC_WARN_UNUSED_FUNCTION = YES;
				GCC_WARN_UNUSED_VARIABLE = YES;
				IPHONEOS_DEPLOYMENT_TARGET = 14.4;
				MTL_ENABLE_DEBUG_INFO = NO;
				MTL_FAST_MATH = YES;
				SDKROOT = iphoneos;
				SWIFT_COMPILATION_MODE = wholemodule;
				SWIFT_OPTIMIZATION_LEVEL = "-O";
				VALIDATE_PRODUCT = YES;
			};
			name = Release;
		};
		E7900AD025CED1A200C49154 /* Debug */ = {
			isa = XCBuildConfiguration;
			baseConfigurationReference = 39B1C8B31A537AD7A14ED75B /* Pods-SocialMedia.debug.xcconfig */;
			buildSettings = {
				ASSETCATALOG_COMPILER_APPICON_NAME = AppIcon;
				ASSETCATALOG_COMPILER_GLOBAL_ACCENT_COLOR_NAME = AccentColor;
				CODE_SIGN_ENTITLEMENTS = SocialMedia/SocialMedia.entitlements;
				CODE_SIGN_STYLE = Automatic;
				DEVELOPMENT_ASSET_PATHS = "\"SocialMedia/Preview Content\"";
				DEVELOPMENT_TEAM = 7P7SAEN4YN;
				ENABLE_PREVIEWS = YES;
				INFOPLIST_FILE = SocialMedia/Info.plist;
				IPHONEOS_DEPLOYMENT_TARGET = 14.0;
				LD_RUNPATH_SEARCH_PATHS = (
					"$(inherited)",
					"@executable_path/Frameworks",
				);
				PRODUCT_BUNDLE_IDENTIFIER = konifer44.SocialMedia;
				PRODUCT_NAME = "$(TARGET_NAME)";
				SWIFT_VERSION = 5.0;
				TARGETED_DEVICE_FAMILY = "1,2";
			};
			name = Debug;
		};
		E7900AD125CED1A200C49154 /* Release */ = {
			isa = XCBuildConfiguration;
			baseConfigurationReference = 93A1AE845F1E049C3097DA3B /* Pods-SocialMedia.release.xcconfig */;
			buildSettings = {
				ASSETCATALOG_COMPILER_APPICON_NAME = AppIcon;
				ASSETCATALOG_COMPILER_GLOBAL_ACCENT_COLOR_NAME = AccentColor;
				CODE_SIGN_ENTITLEMENTS = SocialMedia/SocialMedia.entitlements;
				CODE_SIGN_STYLE = Automatic;
				DEVELOPMENT_ASSET_PATHS = "\"SocialMedia/Preview Content\"";
				DEVELOPMENT_TEAM = 7P7SAEN4YN;
				ENABLE_PREVIEWS = YES;
				INFOPLIST_FILE = SocialMedia/Info.plist;
				IPHONEOS_DEPLOYMENT_TARGET = 14.0;
				LD_RUNPATH_SEARCH_PATHS = (
					"$(inherited)",
					"@executable_path/Frameworks",
				);
				PRODUCT_BUNDLE_IDENTIFIER = konifer44.SocialMedia;
				PRODUCT_NAME = "$(TARGET_NAME)";
				SWIFT_VERSION = 5.0;
				TARGETED_DEVICE_FAMILY = "1,2";
			};
			name = Release;
		};
/* End XCBuildConfiguration section */

/* Begin XCConfigurationList section */
		E7900ABB25CED19D00C49154 /* Build configuration list for PBXProject "SocialMedia" */ = {
			isa = XCConfigurationList;
			buildConfigurations = (
				E7900ACD25CED1A200C49154 /* Debug */,
				E7900ACE25CED1A200C49154 /* Release */,
			);
			defaultConfigurationIsVisible = 0;
			defaultConfigurationName = Release;
		};
		E7900ACF25CED1A200C49154 /* Build configuration list for PBXNativeTarget "SocialMedia" */ = {
			isa = XCConfigurationList;
			buildConfigurations = (
				E7900AD025CED1A200C49154 /* Debug */,
				E7900AD125CED1A200C49154 /* Release */,
			);
			defaultConfigurationIsVisible = 0;
			defaultConfigurationName = Release;
		};
/* End XCConfigurationList section */
	};
	rootObject = E7900AB825CED19D00C49154 /* Project object */;
}
